
Microsoft Visual Studio Solution File, Format Version 12.00
# Visual Studio Version 16
VisualStudioVersion = 16.0.28315.86
MinimumVisualStudioVersion = 10.0.40219.1
Project("{2150E333-8FDC-42A3-9474-1A3956D46DE8}") = "Engine", "Engine", "{94A6C6F3-99B3-346E-9557-ABF9D4064DBD}"
EndProject
Project("{2150E333-8FDC-42A3-9474-1A3956D46DE8}") = "Games", "Games", "{8E2F6A87-1826-34F4-940C-CC23A48F9FE4}"
EndProject
Project("{8BC9CEB8-8B4A-11D0-8D11-00A0C91BC942}") = "UE4", "Intermediate\ProjectFiles\UE4.vcxproj", "{9679E3A3-4611-48FF-8154-626CB176CA9D}"
EndProject
Project("{8BC9CEB8-8B4A-11D0-8D11-00A0C91BC942}") = "ReBirth", "Intermediate\ProjectFiles\ReBirth.vcxproj", "{D4EDC688-F53F-45D4-AFB3-07A00C71DAEB}"
EndProject
Project("{2150E333-8FDC-42A3-9474-1A3956D46DE8}") = "Visualizers", "Visualizers", "{1CCEC849-CC72-4C59-8C36-2F7C38706D4C}"
	ProjectSection(SolutionItems) = preProject
		E:\unreal\package\ue4\UE_4.27\Engine\Extras\VisualStudioDebugging\UE4.natvis = E:\unreal\package\ue4\UE_4.27\Engine\Extras\VisualStudioDebugging\UE4.natvis
	EndProjectSection
EndProject
Global
	GlobalSection(SolutionConfigurationPlatforms) = preSolution
		DebugGame Editor|Win32 = DebugGame Editor|Win32
		DebugGame Editor|Win64 = DebugGame Editor|Win64
		DebugGame|Win32 = DebugGame|Win32
		DebugGame|Win64 = DebugGame|Win64
		Development Editor|Win32 = Development Editor|Win32
		Development Editor|Win64 = Development Editor|Win64
		Development|Win32 = Development|Win32
		Development|Win64 = Development|Win64
		Shipping|Win32 = Shipping|Win32
		Shipping|Win64 = Shipping|Win64
	EndGlobalSection
	# Visual Assist Section
	GlobalSection(44630d46-96b5-488c-8df926e21db8c1a3) = preSolution
		ueSolution=true
	EndGlobalSection
	GlobalSection(ProjectConfigurationPlatforms) = postSolution
		{9679E3A3-4611-48FF-8154-626CB176CA9D}.DebugGame Editor|Win32.ActiveCfg = BuiltWithUnrealBuildTool|Win32
		{9679E3A3-4611-48FF-8154-626CB176CA9D}.DebugGame Editor|Win64.ActiveCfg = BuiltWithUnrealBuildTool|Win32
		{9679E3A3-4611-48FF-8154-626CB176CA9D}.DebugGame|Win32.ActiveCfg = BuiltWithUnrealBuildTool|Win32
		{9679E3A3-4611-48FF-8154-626CB176CA9D}.DebugGame|Win64.ActiveCfg = BuiltWithUnrealBuildTool|Win32
		{9679E3A3-4611-48FF-8154-626CB176CA9D}.Development Editor|Win32.ActiveCfg = BuiltWithUnrealBuildTool|Win32
		{9679E3A3-4611-48FF-8154-626CB176CA9D}.Development Editor|Win64.ActiveCfg = BuiltWithUnrealBuildTool|Win32
		{9679E3A3-4611-48FF-8154-626CB176CA9D}.Development|Win32.ActiveCfg = BuiltWithUnrealBuildTool|Win32
		{9679E3A3-4611-48FF-8154-626CB176CA9D}.Development|Win64.ActiveCfg = BuiltWithUnrealBuildTool|Win32
		{9679E3A3-4611-48FF-8154-626CB176CA9D}.Shipping|Win32.ActiveCfg = BuiltWithUnrealBuildTool|Win32
		{9679E3A3-4611-48FF-8154-626CB176CA9D}.Shipping|Win64.ActiveCfg = BuiltWithUnrealBuildTool|Win32
		{D4EDC688-F53F-45D4-AFB3-07A00C71DAEB}.DebugGame Editor|Win32.ActiveCfg = Invalid|Win32
		{D4EDC688-F53F-45D4-AFB3-07A00C71DAEB}.DebugGame Editor|Win64.ActiveCfg = DebugGame_Editor|x64
		{D4EDC688-F53F-45D4-AFB3-07A00C71DAEB}.DebugGame Editor|Win64.Build.0 = DebugGame_Editor|x64
		{D4EDC688-F53F-45D4-AFB3-07A00C71DAEB}.DebugGame|Win32.ActiveCfg = DebugGame|Win32
		{D4EDC688-F53F-45D4-AFB3-07A00C71DAEB}.DebugGame|Win32.Build.0 = DebugGame|Win32
		{D4EDC688-F53F-45D4-AFB3-07A00C71DAEB}.DebugGame|Win64.ActiveCfg = DebugGame|x64
		{D4EDC688-F53F-45D4-AFB3-07A00C71DAEB}.DebugGame|Win64.Build.0 = DebugGame|x64
		{D4EDC688-F53F-45D4-AFB3-07A00C71DAEB}.Development Editor|Win32.ActiveCfg = Invalid|Win32
		{D4EDC688-F53F-45D4-AFB3-07A00C71DAEB}.Development Editor|Win64.ActiveCfg = Development_Editor|x64
		{D4EDC688-F53F-45D4-AFB3-07A00C71DAEB}.Development Editor|Win64.Build.0 = Development_Editor|x64
		{D4EDC688-F53F-45D4-AFB3-07A00C71DAEB}.Development|Win32.ActiveCfg = Development|Win32
		{D4EDC688-F53F-45D4-AFB3-07A00C71DAEB}.Development|Win32.Build.0 = Development|Win32
		{D4EDC688-F53F-45D4-AFB3-07A00C71DAEB}.Development|Win64.ActiveCfg = Development|x64
		{D4EDC688-F53F-45D4-AFB3-07A00C71DAEB}.Development|Win64.Build.0 = Development|x64
		{D4EDC688-F53F-45D4-AFB3-07A00C71DAEB}.Shipping|Win32.ActiveCfg = Shipping|Win32
		{D4EDC688-F53F-45D4-AFB3-07A00C71DAEB}.Shipping|Win32.Build.0 = Shipping|Win32
		{D4EDC688-F53F-45D4-AFB3-07A00C71DAEB}.Shipping|Win64.ActiveCfg = Shipping|x64
		{D4EDC688-F53F-45D4-AFB3-07A00C71DAEB}.Shipping|Win64.Build.0 = Shipping|x64
	EndGlobalSection
	GlobalSection(SolutionProperties) = preSolution
		HideSolutionNode = FALSE
	EndGlobalSection
	GlobalSection(NestedProjects) = preSolution
		{9679E3A3-4611-48FF-8154-626CB176CA9D} = {94A6C6F3-99B3-346E-9557-ABF9D4064DBD}
		{D4EDC688-F53F-45D4-AFB3-07A00C71DAEB} = {8E2F6A87-1826-34F4-940C-CC23A48F9FE4}
	EndGlobalSection
EndGlobal
